
Microsoft Visual Studio Solution File, Format Version 12.00
# Visual Studio Version 17
VisualStudioVersion = 17.9.34714.143
MinimumVisualStudioVersion = 10.0.40219.1
Project("{FAE04EC0-301F-11D3-BF4B-00C04F79EFBC}") = "Employee_details", "Employee_details\Employee_details.csproj", "{7C4215A2-9799-493B-8437-24CE0A9350B2}"
EndProject
Global
	GlobalSection(SolutionConfigurationPlatforms) = preSolution
		Debug|Any CPU = Debug|Any CPU
		Release|Any CPU = Release|Any CPU
	EndGlobalSection
	GlobalSection(ProjectConfigurationPlatforms) = postSolution
		{7C4215A2-9799-493B-8437-24CE0A9350B2}.Debug|Any CPU.ActiveCfg = Debug|Any CPU
		{7C4215A2-9799-493B-8437-24CE0A9350B2}.Debug|Any CPU.Build.0 = Debug|Any CPU
		{7C4215A2-9799-493B-8437-24CE0A9350B2}.Release|Any CPU.ActiveCfg = Release|Any CPU
		{7C4215A2-9799-493B-8437-24CE0A9350B2}.Release|Any CPU.Build.0 = Release|Any CPU
	EndGlobalSection
	GlobalSection(SolutionProperties) = preSolution
		HideSolutionNode = FALSE
	EndGlobalSection
	GlobalSection(ExtensibilityGlobals) = postSolution
		SolutionGuid = {50FC1120-F374-4B40-83A5-D1FFE27EA2CA}
	EndGlobalSection
EndGlobal
